
Microsoft Visual Studio Solution File, Format Version 12.00
# Visual Studio Version 16
VisualStudioVersion = 16.0.30907.101
MinimumVisualStudioVersion = 10.0.40219.1
Project("{FAE04EC0-301F-11D3-BF4B-00C04F79EFBC}") = "Lesson5_4", "Lesson5_4\Lesson5_4.csproj", "{6F08994D-C239-4984-91EF-C868E3C996FC}"
EndProject
Global
	GlobalSection(SolutionConfigurationPlatforms) = preSolution
		Debug|Any CPU = Debug|Any CPU
		Release|Any CPU = Release|Any CPU
	EndGlobalSection
	GlobalSection(ProjectConfigurationPlatforms) = postSolution
		{6F08994D-C239-4984-91EF-C868E3C996FC}.Debug|Any CPU.ActiveCfg = Debug|Any CPU
		{6F08994D-C239-4984-91EF-C868E3C996FC}.Debug|Any CPU.Build.0 = Debug|Any CPU
		{6F08994D-C239-4984-91EF-C868E3C996FC}.Release|Any CPU.ActiveCfg = Release|Any CPU
		{6F08994D-C239-4984-91EF-C868E3C996FC}.Release|Any CPU.Build.0 = Release|Any CPU
	EndGlobalSection
	GlobalSection(SolutionProperties) = preSolution
		HideSolutionNode = FALSE
	EndGlobalSection
	GlobalSection(ExtensibilityGlobals) = postSolution
		SolutionGuid = {D339FA27-9768-4069-ADA5-102C485F087D}
	EndGlobalSection
EndGlobal
