
Microsoft Visual Studio Solution File, Format Version 12.00
# Visual Studio Version 16
VisualStudioVersion = 16.0.30907.101
MinimumVisualStudioVersion = 10.0.40219.1
Project("{FAE04EC0-301F-11D3-BF4B-00C04F79EFBC}") = "Lesson5_1", "Lesson5_1\Lesson5_1.csproj", "{21D6A513-635A-4913-A2FC-63FC7E2CEF07}"
EndProject
Global
	GlobalSection(SolutionConfigurationPlatforms) = preSolution
		Debug|Any CPU = Debug|Any CPU
		Release|Any CPU = Release|Any CPU
	EndGlobalSection
	GlobalSection(ProjectConfigurationPlatforms) = postSolution
		{21D6A513-635A-4913-A2FC-63FC7E2CEF07}.Debug|Any CPU.ActiveCfg = Debug|Any CPU
		{21D6A513-635A-4913-A2FC-63FC7E2CEF07}.Debug|Any CPU.Build.0 = Debug|Any CPU
		{21D6A513-635A-4913-A2FC-63FC7E2CEF07}.Release|Any CPU.ActiveCfg = Release|Any CPU
		{21D6A513-635A-4913-A2FC-63FC7E2CEF07}.Release|Any CPU.Build.0 = Release|Any CPU
	EndGlobalSection
	GlobalSection(SolutionProperties) = preSolution
		HideSolutionNode = FALSE
	EndGlobalSection
	GlobalSection(ExtensibilityGlobals) = postSolution
		SolutionGuid = {633BA53D-FE44-4F38-8A4C-183A844C3F24}
	EndGlobalSection
EndGlobal
