
Microsoft Visual Studio Solution File, Format Version 12.00
# Visual Studio Version 16
VisualStudioVersion = 16.0.30907.101
MinimumVisualStudioVersion = 10.0.40219.1
Project("{FAE04EC0-301F-11D3-BF4B-00C04F79EFBC}") = "Lesson4_3", "Lesson4_3\Lesson4_3.csproj", "{02DE533F-FFE5-4B5A-ACCC-232BF96B7607}"
EndProject
Global
	GlobalSection(SolutionConfigurationPlatforms) = preSolution
		Debug|Any CPU = Debug|Any CPU
		Release|Any CPU = Release|Any CPU
	EndGlobalSection
	GlobalSection(ProjectConfigurationPlatforms) = postSolution
		{02DE533F-FFE5-4B5A-ACCC-232BF96B7607}.Debug|Any CPU.ActiveCfg = Debug|Any CPU
		{02DE533F-FFE5-4B5A-ACCC-232BF96B7607}.Debug|Any CPU.Build.0 = Debug|Any CPU
		{02DE533F-FFE5-4B5A-ACCC-232BF96B7607}.Release|Any CPU.ActiveCfg = Release|Any CPU
		{02DE533F-FFE5-4B5A-ACCC-232BF96B7607}.Release|Any CPU.Build.0 = Release|Any CPU
	EndGlobalSection
	GlobalSection(SolutionProperties) = preSolution
		HideSolutionNode = FALSE
	EndGlobalSection
	GlobalSection(ExtensibilityGlobals) = postSolution
		SolutionGuid = {6124150D-B1D4-4B15-95E8-4B96691C0D47}
	EndGlobalSection
EndGlobal
