
Microsoft Visual Studio Solution File, Format Version 12.00
# Visual Studio Version 16
VisualStudioVersion = 16.0.30907.101
MinimumVisualStudioVersion = 10.0.40219.1
Project("{FAE04EC0-301F-11D3-BF4B-00C04F79EFBC}") = "Lesson2_3", "Lesson2_3\Lesson2_3.csproj", "{00EFA055-662E-4CE2-8F21-034AFE32F78E}"
EndProject
Global
	GlobalSection(SolutionConfigurationPlatforms) = preSolution
		Debug|Any CPU = Debug|Any CPU
		Release|Any CPU = Release|Any CPU
	EndGlobalSection
	GlobalSection(ProjectConfigurationPlatforms) = postSolution
		{00EFA055-662E-4CE2-8F21-034AFE32F78E}.Debug|Any CPU.ActiveCfg = Debug|Any CPU
		{00EFA055-662E-4CE2-8F21-034AFE32F78E}.Debug|Any CPU.Build.0 = Debug|Any CPU
		{00EFA055-662E-4CE2-8F21-034AFE32F78E}.Release|Any CPU.ActiveCfg = Release|Any CPU
		{00EFA055-662E-4CE2-8F21-034AFE32F78E}.Release|Any CPU.Build.0 = Release|Any CPU
	EndGlobalSection
	GlobalSection(SolutionProperties) = preSolution
		HideSolutionNode = FALSE
	EndGlobalSection
	GlobalSection(ExtensibilityGlobals) = postSolution
		SolutionGuid = {E450E73C-A63A-4334-93E1-4FBAC4423CE8}
	EndGlobalSection
EndGlobal
